// !$*UTF8*$!
{
	archiveVersion = 1;
	classes = {
	};
	objectVersion = 55;
	objects = {

/* Begin PBXBuildFile section */
		3E4E333E294E72120064D14C /* AppDelegate.swift in Sources */ = {isa = PBXBuildFile; fileRef = 3E4E333D294E72120064D14C /* AppDelegate.swift */; };
		3E4E3340294E72120064D14C /* SceneDelegate.swift in Sources */ = {isa = PBXBuildFile; fileRef = 3E4E333F294E72120064D14C /* SceneDelegate.swift */; };
		3E4E3342294E72120064D14C /* OverviewController.swift in Sources */ = {isa = PBXBuildFile; fileRef = 3E4E3341294E72120064D14C /* OverviewController.swift */; };
		3E4E3345294E72120064D14C /* Main.storyboard in Resources */ = {isa = PBXBuildFile; fileRef = 3E4E3343294E72120064D14C /* Main.storyboard */; };
		3E4E334A294E72130064D14C /* Assets.xcassets in Resources */ = {isa = PBXBuildFile; fileRef = 3E4E3349294E72130064D14C /* Assets.xcassets */; };
		3E4E334D294E72130064D14C /* LaunchScreen.storyboard in Resources */ = {isa = PBXBuildFile; fileRef = 3E4E334B294E72130064D14C /* LaunchScreen.storyboard */; };
		3E4E33582950FB920064D14C /* TapBarController.swift in Sources */ = {isa = PBXBuildFile; fileRef = 3E4E33572950FB920064D14C /* TapBarController.swift */; };
		3E4E335B2950FCB00064D14C /* UIColor + extencion.swift in Sources */ = {isa = PBXBuildFile; fileRef = 3E4E335A2950FCB00064D14C /* UIColor + extencion.swift */; };
		3E4E335E295100540064D14C /* Resources.swift in Sources */ = {isa = PBXBuildFile; fileRef = 3E4E335D295100540064D14C /* Resources.swift */; };
		3E4E336029510DEA0064D14C /* NavBarController.swift in Sources */ = {isa = PBXBuildFile; fileRef = 3E4E335F29510DEA0064D14C /* NavBarController.swift */; };
		3E4E3363295112040064D14C /* BaseController.swift in Sources */ = {isa = PBXBuildFile; fileRef = 3E4E3362295112030064D14C /* BaseController.swift */; };
		3E4E3365295114FA0064D14C /* UIView + extenscsn.swift in Sources */ = {isa = PBXBuildFile; fileRef = 3E4E3364295114FA0064D14C /* UIView + extenscsn.swift */; };
		3E4E336C295117D60064D14C /* SessionController.swift in Sources */ = {isa = PBXBuildFile; fileRef = 3E4E336B295117D60064D14C /* SessionController.swift */; };
		3E4E336E295117FD0064D14C /* ProgressController.swift in Sources */ = {isa = PBXBuildFile; fileRef = 3E4E336D295117FD0064D14C /* ProgressController.swift */; };
		3E4E33702951180C0064D14C /* SettingsController.swift in Sources */ = {isa = PBXBuildFile; fileRef = 3E4E336F2951180C0064D14C /* SettingsController.swift */; };
		3E4E3374295255040064D14C /* SecondaryButton.swift in Sources */ = {isa = PBXBuildFile; fileRef = 3E4E3373295255040064D14C /* SecondaryButton.swift */; };
		3E4E337629539D560064D14C /* OverviewNavBar.swift in Sources */ = {isa = PBXBuildFile; fileRef = 3E4E337529539D560064D14C /* OverviewNavBar.swift */; };
		3E4E337829539DB50064D14C /* BaseView.swift in Sources */ = {isa = PBXBuildFile; fileRef = 3E4E337729539DB50064D14C /* BaseView.swift */; };
/* End PBXBuildFile section */

/* Begin PBXFileReference section */
		3E4E333A294E72120064D14C /* WorkoutApp.app */ = {isa = PBXFileReference; explicitFileType = wrapper.application; includeInIndex = 0; path = WorkoutApp.app; sourceTree = BUILT_PRODUCTS_DIR; };
		3E4E333D294E72120064D14C /* AppDelegate.swift */ = {isa = PBXFileReference; lastKnownFileType = sourcecode.swift; path = AppDelegate.swift; sourceTree = "<group>"; };
		3E4E333F294E72120064D14C /* SceneDelegate.swift */ = {isa = PBXFileReference; lastKnownFileType = sourcecode.swift; path = SceneDelegate.swift; sourceTree = "<group>"; };
		3E4E3341294E72120064D14C /* OverviewController.swift */ = {isa = PBXFileReference; lastKnownFileType = sourcecode.swift; path = OverviewController.swift; sourceTree = "<group>"; };
		3E4E3344294E72120064D14C /* Base */ = {isa = PBXFileReference; lastKnownFileType = file.storyboard; name = Base; path = Base.lproj/Main.storyboard; sourceTree = "<group>"; };
		3E4E3349294E72130064D14C /* Assets.xcassets */ = {isa = PBXFileReference; lastKnownFileType = folder.assetcatalog; path = Assets.xcassets; sourceTree = "<group>"; };
		3E4E334C294E72130064D14C /* Base */ = {isa = PBXFileReference; lastKnownFileType = file.storyboard; name = Base; path = Base.lproj/LaunchScreen.storyboard; sourceTree = "<group>"; };
		3E4E334E294E72130064D14C /* Info.plist */ = {isa = PBXFileReference; lastKnownFileType = text.plist.xml; path = Info.plist; sourceTree = "<group>"; };
		3E4E33572950FB920064D14C /* TapBarController.swift */ = {isa = PBXFileReference; lastKnownFileType = sourcecode.swift; path = TapBarController.swift; sourceTree = "<group>"; };
		3E4E335A2950FCB00064D14C /* UIColor + extencion.swift */ = {isa = PBXFileReference; lastKnownFileType = sourcecode.swift; path = "UIColor + extencion.swift"; sourceTree = "<group>"; };
		3E4E335D295100540064D14C /* Resources.swift */ = {isa = PBXFileReference; lastKnownFileType = sourcecode.swift; path = Resources.swift; sourceTree = "<group>"; };
		3E4E335F29510DEA0064D14C /* NavBarController.swift */ = {isa = PBXFileReference; lastKnownFileType = sourcecode.swift; path = NavBarController.swift; sourceTree = "<group>"; };
		3E4E3362295112030064D14C /* BaseController.swift */ = {isa = PBXFileReference; lastKnownFileType = sourcecode.swift; path = BaseController.swift; sourceTree = "<group>"; };
		3E4E3364295114FA0064D14C /* UIView + extenscsn.swift */ = {isa = PBXFileReference; lastKnownFileType = sourcecode.swift; path = "UIView + extenscsn.swift"; sourceTree = "<group>"; };
		3E4E336B295117D60064D14C /* SessionController.swift */ = {isa = PBXFileReference; lastKnownFileType = sourcecode.swift; path = SessionController.swift; sourceTree = "<group>"; };
		3E4E336D295117FD0064D14C /* ProgressController.swift */ = {isa = PBXFileReference; lastKnownFileType = sourcecode.swift; path = ProgressController.swift; sourceTree = "<group>"; };
		3E4E336F2951180C0064D14C /* SettingsController.swift */ = {isa = PBXFileReference; lastKnownFileType = sourcecode.swift; path = SettingsController.swift; sourceTree = "<group>"; };
		3E4E3373295255040064D14C /* SecondaryButton.swift */ = {isa = PBXFileReference; lastKnownFileType = sourcecode.swift; path = SecondaryButton.swift; sourceTree = "<group>"; };
		3E4E337529539D560064D14C /* OverviewNavBar.swift */ = {isa = PBXFileReference; lastKnownFileType = sourcecode.swift; path = OverviewNavBar.swift; sourceTree = "<group>"; };
		3E4E337729539DB50064D14C /* BaseView.swift */ = {isa = PBXFileReference; lastKnownFileType = sourcecode.swift; path = BaseView.swift; sourceTree = "<group>"; };
/* End PBXFileReference section */

/* Begin PBXFrameworksBuildPhase section */
		3E4E3337294E72120064D14C /* Frameworks */ = {
			isa = PBXFrameworksBuildPhase;
			buildActionMask = 2147483647;
			files = (
			);
			runOnlyForDeploymentPostprocessing = 0;
		};
/* End PBXFrameworksBuildPhase section */

/* Begin PBXGroup section */
		3E4E3331294E72110064D14C = {
			isa = PBXGroup;
			children = (
				3E4E333C294E72120064D14C /* WorkoutApp */,
				3E4E333B294E72120064D14C /* Products */,
			);
			sourceTree = "<group>";
		};
		3E4E333B294E72120064D14C /* Products */ = {
			isa = PBXGroup;
			children = (
				3E4E333A294E72120064D14C /* WorkoutApp.app */,
			);
			name = Products;
			sourceTree = "<group>";
		};
		3E4E333C294E72120064D14C /* WorkoutApp */ = {
			isa = PBXGroup;
			children = (
				3E4E33542950F8E40064D14C /* Application */,
				3E4E33592950FC8E0064D14C /* Helper */,
				3E4E335D295100540064D14C /* Resources.swift */,
				3E4E3361295111930064D14C /* Controllers */,
				3E4E3343294E72120064D14C /* Main.storyboard */,
				3E4E33552950F9280064D14C /* SupportingFiles */,
			);
			path = WorkoutApp;
			sourceTree = "<group>";
		};
		3E4E33542950F8E40064D14C /* Application */ = {
			isa = PBXGroup;
			children = (
				3E4E333D294E72120064D14C /* AppDelegate.swift */,
				3E4E333F294E72120064D14C /* SceneDelegate.swift */,
			);
			path = Application;
			sourceTree = "<group>";
		};
		3E4E33552950F9280064D14C /* SupportingFiles */ = {
			isa = PBXGroup;
			children = (
				3E4E3349294E72130064D14C /* Assets.xcassets */,
				3E4E334B294E72130064D14C /* LaunchScreen.storyboard */,
				3E4E334E294E72130064D14C /* Info.plist */,
			);
			path = SupportingFiles;
			sourceTree = "<group>";
		};
		3E4E33592950FC8E0064D14C /* Helper */ = {
			isa = PBXGroup;
			children = (
				3E4E335C2950FCC60064D14C /* Extensions */,
				3E4E335A2950FCB00064D14C /* UIColor + extencion.swift */,
				3E4E3364295114FA0064D14C /* UIView + extenscsn.swift */,
			);
			path = Helper;
			sourceTree = "<group>";
		};
		3E4E335C2950FCC60064D14C /* Extensions */ = {
			isa = PBXGroup;
			children = (
			);
			path = Extensions;
			sourceTree = "<group>";
		};
		3E4E3361295111930064D14C /* Controllers */ = {
			isa = PBXGroup;
			children = (
				3E4E336A295117770064D14C /* Settings */,
				3E4E3369295117700064D14C /* Progress */,
				3E4E33682951176A0064D14C /* Session */,
				3E4E3367295117630064D14C /* Overview */,
				3E4E33662951173B0064D14C /* Base */,
			);
			path = Controllers;
			sourceTree = "<group>";
		};
		3E4E33662951173B0064D14C /* Base */ = {
			isa = PBXGroup;
			children = (
				3E4E33572950FB920064D14C /* TapBarController.swift */,
				3E4E335F29510DEA0064D14C /* NavBarController.swift */,
				3E4E3362295112030064D14C /* BaseController.swift */,
				3E4E337729539DB50064D14C /* BaseView.swift */,
			);
			path = Base;
			sourceTree = "<group>";
		};
		3E4E3367295117630064D14C /* Overview */ = {
			isa = PBXGroup;
			children = (
				3E4E3372295254E00064D14C /* Views */,
				3E4E3341294E72120064D14C /* OverviewController.swift */,
			);
			path = Overview;
			sourceTree = "<group>";
		};
		3E4E33682951176A0064D14C /* Session */ = {
			isa = PBXGroup;
			children = (
				3E4E336B295117D60064D14C /* SessionController.swift */,
			);
			path = Session;
			sourceTree = "<group>";
		};
		3E4E3369295117700064D14C /* Progress */ = {
			isa = PBXGroup;
			children = (
				3E4E336D295117FD0064D14C /* ProgressController.swift */,
			);
			path = Progress;
			sourceTree = "<group>";
		};
		3E4E336A295117770064D14C /* Settings */ = {
			isa = PBXGroup;
			children = (
				3E4E336F2951180C0064D14C /* SettingsController.swift */,
			);
			path = Settings;
			sourceTree = "<group>";
		};
		3E4E3372295254E00064D14C /* Views */ = {
			isa = PBXGroup;
			children = (
				3E4E3373295255040064D14C /* SecondaryButton.swift */,
				3E4E337529539D560064D14C /* OverviewNavBar.swift */,
			);
			path = Views;
			sourceTree = "<group>";
		};
/* End PBXGroup section */

/* Begin PBXNativeTarget section */
		3E4E3339294E72120064D14C /* WorkoutApp */ = {
			isa = PBXNativeTarget;
			buildConfigurationList = 3E4E3351294E72130064D14C /* Build configuration list for PBXNativeTarget "WorkoutApp" */;
			buildPhases = (
				3E4E3336294E72120064D14C /* Sources */,
				3E4E3337294E72120064D14C /* Frameworks */,
				3E4E3338294E72120064D14C /* Resources */,
			);
			buildRules = (
			);
			dependencies = (
			);
			name = WorkoutApp;
			productName = WorkoutApp;
			productReference = 3E4E333A294E72120064D14C /* WorkoutApp.app */;
			productType = "com.apple.product-type.application";
		};
/* End PBXNativeTarget section */

/* Begin PBXProject section */
		3E4E3332294E72110064D14C /* Project object */ = {
			isa = PBXProject;
			attributes = {
				BuildIndependentTargetsInParallel = 1;
				LastSwiftUpdateCheck = 1330;
				LastUpgradeCheck = 1330;
				TargetAttributes = {
					3E4E3339294E72120064D14C = {
						CreatedOnToolsVersion = 13.3.1;
					};
				};
			};
			buildConfigurationList = 3E4E3335294E72110064D14C /* Build configuration list for PBXProject "WorkoutApp" */;
			compatibilityVersion = "Xcode 13.0";
			developmentRegion = en;
			hasScannedForEncodings = 0;
			knownRegions = (
				en,
				Base,
			);
			mainGroup = 3E4E3331294E72110064D14C;
			productRefGroup = 3E4E333B294E72120064D14C /* Products */;
			projectDirPath = "";
			projectRoot = "";
			targets = (
				3E4E3339294E72120064D14C /* WorkoutApp */,
			);
		};
/* End PBXProject section */

/* Begin PBXResourcesBuildPhase section */
		3E4E3338294E72120064D14C /* Resources */ = {
			isa = PBXResourcesBuildPhase;
			buildActionMask = 2147483647;
			files = (
				3E4E334D294E72130064D14C /* LaunchScreen.storyboard in Resources */,
				3E4E334A294E72130064D14C /* Assets.xcassets in Resources */,
				3E4E3345294E72120064D14C /* Main.storyboard in Resources */,
			);
			runOnlyForDeploymentPostprocessing = 0;
		};
/* End PBXResourcesBuildPhase section */

/* Begin PBXSourcesBuildPhase section */
		3E4E3336294E72120064D14C /* Sources */ = {
			isa = PBXSourcesBuildPhase;
			buildActionMask = 2147483647;
			files = (
				3E4E33702951180C0064D14C /* SettingsController.swift in Sources */,
				3E4E3342294E72120064D14C /* OverviewController.swift in Sources */,
				3E4E337629539D560064D14C /* OverviewNavBar.swift in Sources */,
				3E4E333E294E72120064D14C /* AppDelegate.swift in Sources */,
				3E4E3340294E72120064D14C /* SceneDelegate.swift in Sources */,
				3E4E336029510DEA0064D14C /* NavBarController.swift in Sources */,
				3E4E336C295117D60064D14C /* SessionController.swift in Sources */,
				3E4E3374295255040064D14C /* SecondaryButton.swift in Sources */,
				3E4E336E295117FD0064D14C /* ProgressController.swift in Sources */,
				3E4E335E295100540064D14C /* Resources.swift in Sources */,
				3E4E33582950FB920064D14C /* TapBarController.swift in Sources */,
				3E4E3363295112040064D14C /* BaseController.swift in Sources */,
				3E4E337829539DB50064D14C /* BaseView.swift in Sources */,
				3E4E335B2950FCB00064D14C /* UIColor + extencion.swift in Sources */,
				3E4E3365295114FA0064D14C /* UIView + extenscsn.swift in Sources */,
			);
			runOnlyForDeploymentPostprocessing = 0;
		};
/* End PBXSourcesBuildPhase section */

/* Begin PBXVariantGroup section */
		3E4E3343294E72120064D14C /* Main.storyboard */ = {
			isa = PBXVariantGroup;
			children = (
				3E4E3344294E72120064D14C /* Base */,
			);
			name = Main.storyboard;
			sourceTree = "<group>";
		};
		3E4E334B294E72130064D14C /* LaunchScreen.storyboard */ = {
			isa = PBXVariantGroup;
			children = (
				3E4E334C294E72130064D14C /* Base */,
			);
			name = LaunchScreen.storyboard;
			sourceTree = "<group>";
		};
/* End PBXVariantGroup section */

/* Begin XCBuildConfiguration section */
		3E4E334F294E72130064D14C /* Debug */ = {
			isa = XCBuildConfiguration;
			buildSettings = {
				ALWAYS_SEARCH_USER_PATHS = NO;
				CLANG_ANALYZER_NONNULL = YES;
				CLANG_ANALYZER_NUMBER_OBJECT_CONVERSION = YES_AGGRESSIVE;
				CLANG_CXX_LANGUAGE_STANDARD = "gnu++17";
				CLANG_ENABLE_MODULES = YES;
				CLANG_ENABLE_OBJC_ARC = YES;
				CLANG_ENABLE_OBJC_WEAK = YES;
				CLANG_WARN_BLOCK_CAPTURE_AUTORELEASING = YES;
				CLANG_WARN_BOOL_CONVERSION = YES;
				CLANG_WARN_COMMA = YES;
				CLANG_WARN_CONSTANT_CONVERSION = YES;
				CLANG_WARN_DEPRECATED_OBJC_IMPLEMENTATIONS = YES;
				CLANG_WARN_DIRECT_OBJC_ISA_USAGE = YES_ERROR;
				CLANG_WARN_DOCUMENTATION_COMMENTS = YES;
				CLANG_WARN_EMPTY_BODY = YES;
				CLANG_WARN_ENUM_CONVERSION = YES;
				CLANG_WARN_INFINITE_RECURSION = YES;
				CLANG_WARN_INT_CONVERSION = YES;
				CLANG_WARN_NON_LITERAL_NULL_CONVERSION = YES;
				CLANG_WARN_OBJC_IMPLICIT_RETAIN_SELF = YES;
				CLANG_WARN_OBJC_LITERAL_CONVERSION = YES;
				CLANG_WARN_OBJC_ROOT_CLASS = YES_ERROR;
				CLANG_WARN_QUOTED_INCLUDE_IN_FRAMEWORK_HEADER = YES;
				CLANG_WARN_RANGE_LOOP_ANALYSIS = YES;
				CLANG_WARN_STRICT_PROTOTYPES = YES;
				CLANG_WARN_SUSPICIOUS_MOVE = YES;
				CLANG_WARN_UNGUARDED_AVAILABILITY = YES_AGGRESSIVE;
				CLANG_WARN_UNREACHABLE_CODE = YES;
				CLANG_WARN__DUPLICATE_METHOD_MATCH = YES;
				COPY_PHASE_STRIP = NO;
				DEBUG_INFORMATION_FORMAT = dwarf;
				ENABLE_STRICT_OBJC_MSGSEND = YES;
				ENABLE_TESTABILITY = YES;
				GCC_C_LANGUAGE_STANDARD = gnu11;
				GCC_DYNAMIC_NO_PIC = NO;
				GCC_NO_COMMON_BLOCKS = YES;
				GCC_OPTIMIZATION_LEVEL = 0;
				GCC_PREPROCESSOR_DEFINITIONS = (
					"DEBUG=1",
					"$(inherited)",
				);
				GCC_WARN_64_TO_32_BIT_CONVERSION = YES;
				GCC_WARN_ABOUT_RETURN_TYPE = YES_ERROR;
				GCC_WARN_UNDECLARED_SELECTOR = YES;
				GCC_WARN_UNINITIALIZED_AUTOS = YES_AGGRESSIVE;
				GCC_WARN_UNUSED_FUNCTION = YES;
				GCC_WARN_UNUSED_VARIABLE = YES;
				IPHONEOS_DEPLOYMENT_TARGET = 15.4;
				MTL_ENABLE_DEBUG_INFO = INCLUDE_SOURCE;
				MTL_FAST_MATH = YES;
				ONLY_ACTIVE_ARCH = YES;
				SDKROOT = iphoneos;
				SWIFT_ACTIVE_COMPILATION_CONDITIONS = DEBUG;
				SWIFT_OPTIMIZATION_LEVEL = "-Onone";
			};
			name = Debug;
		};
		3E4E3350294E72130064D14C /* Release */ = {
			isa = XCBuildConfiguration;
			buildSettings = {
				ALWAYS_SEARCH_USER_PATHS = NO;
				CLANG_ANALYZER_NONNULL = YES;
				CLANG_ANALYZER_NUMBER_OBJECT_CONVERSION = YES_AGGRESSIVE;
				CLANG_CXX_LANGUAGE_STANDARD = "gnu++17";
				CLANG_ENABLE_MODULES = YES;
				CLANG_ENABLE_OBJC_ARC = YES;
				CLANG_ENABLE_OBJC_WEAK = YES;
				CLANG_WARN_BLOCK_CAPTURE_AUTORELEASING = YES;
				CLANG_WARN_BOOL_CONVERSION = YES;
				CLANG_WARN_COMMA = YES;
				CLANG_WARN_CONSTANT_CONVERSION = YES;
				CLANG_WARN_DEPRECATED_OBJC_IMPLEMENTATIONS = YES;
				CLANG_WARN_DIRECT_OBJC_ISA_USAGE = YES_ERROR;
				CLANG_WARN_DOCUMENTATION_COMMENTS = YES;
				CLANG_WARN_EMPTY_BODY = YES;
				CLANG_WARN_ENUM_CONVERSION = YES;
				CLANG_WARN_INFINITE_RECURSION = YES;
				CLANG_WARN_INT_CONVERSION = YES;
				CLANG_WARN_NON_LITERAL_NULL_CONVERSION = YES;
				CLANG_WARN_OBJC_IMPLICIT_RETAIN_SELF = YES;
				CLANG_WARN_OBJC_LITERAL_CONVERSION = YES;
				CLANG_WARN_OBJC_ROOT_CLASS = YES_ERROR;
				CLANG_WARN_QUOTED_INCLUDE_IN_FRAMEWORK_HEADER = YES;
				CLANG_WARN_RANGE_LOOP_ANALYSIS = YES;
				CLANG_WARN_STRICT_PROTOTYPES = YES;
				CLANG_WARN_SUSPICIOUS_MOVE = YES;
				CLANG_WARN_UNGUARDED_AVAILABILITY = YES_AGGRESSIVE;
				CLANG_WARN_UNREACHABLE_CODE = YES;
				CLANG_WARN__DUPLICATE_METHOD_MATCH = YES;
				COPY_PHASE_STRIP = NO;
				DEBUG_INFORMATION_FORMAT = "dwarf-with-dsym";
				ENABLE_NS_ASSERTIONS = NO;
				ENABLE_STRICT_OBJC_MSGSEND = YES;
				GCC_C_LANGUAGE_STANDARD = gnu11;
				GCC_NO_COMMON_BLOCKS = YES;
				GCC_WARN_64_TO_32_BIT_CONVERSION = YES;
				GCC_WARN_ABOUT_RETURN_TYPE = YES_ERROR;
				GCC_WARN_UNDECLARED_SELECTOR = YES;
				GCC_WARN_UNINITIALIZED_AUTOS = YES_AGGRESSIVE;
				GCC_WARN_UNUSED_FUNCTION = YES;
				GCC_WARN_UNUSED_VARIABLE = YES;
				IPHONEOS_DEPLOYMENT_TARGET = 15.4;
				MTL_ENABLE_DEBUG_INFO = NO;
				MTL_FAST_MATH = YES;
				SDKROOT = iphoneos;
				SWIFT_COMPILATION_MODE = wholemodule;
				SWIFT_OPTIMIZATION_LEVEL = "-O";
				VALIDATE_PRODUCT = YES;
			};
			name = Release;
		};
		3E4E3352294E72130064D14C /* Debug */ = {
			isa = XCBuildConfiguration;
			buildSettings = {
				ASSETCATALOG_COMPILER_APPICON_NAME = AppIcon;
				ASSETCATALOG_COMPILER_GLOBAL_ACCENT_COLOR_NAME = AccentColor;
				CODE_SIGN_STYLE = Automatic;
				CURRENT_PROJECT_VERSION = 1;
				DEVELOPMENT_TEAM = 65P6HX2CZJ;
				GENERATE_INFOPLIST_FILE = YES;
				INFOPLIST_FILE = WorkoutApp/SupportingFiles/Info.plist;
				INFOPLIST_KEY_UIApplicationSupportsIndirectInputEvents = YES;
				INFOPLIST_KEY_UILaunchStoryboardName = LaunchScreen;
				INFOPLIST_KEY_UISupportedInterfaceOrientations = UIInterfaceOrientationPortrait;
				INFOPLIST_KEY_UISupportedInterfaceOrientations_iPad = "UIInterfaceOrientationPortrait UIInterfaceOrientationPortraitUpsideDown UIInterfaceOrientationLandscapeLeft UIInterfaceOrientationLandscapeRight";
				INFOPLIST_KEY_UISupportedInterfaceOrientations_iPhone = "UIInterfaceOrientationPortrait UIInterfaceOrientationLandscapeLeft UIInterfaceOrientationLandscapeRight";
				LD_RUNPATH_SEARCH_PATHS = (
					"$(inherited)",
					"@executable_path/Frameworks",
				);
				MARKETING_VERSION = 1.0;
				PRODUCT_BUNDLE_IDENTIFIER = com.mavrik.WorkoutApp;
				PRODUCT_NAME = "$(TARGET_NAME)";
				SWIFT_EMIT_LOC_STRINGS = YES;
				SWIFT_VERSION = 5.0;
				TARGETED_DEVICE_FAMILY = 1;
			};
			name = Debug;
		};
		3E4E3353294E72130064D14C /* Release */ = {
			isa = XCBuildConfiguration;
			buildSettings = {
				ASSETCATALOG_COMPILER_APPICON_NAME = AppIcon;
				ASSETCATALOG_COMPILER_GLOBAL_ACCENT_COLOR_NAME = AccentColor;
				CODE_SIGN_STYLE = Automatic;
				CURRENT_PROJECT_VERSION = 1;
				DEVELOPMENT_TEAM = 65P6HX2CZJ;
				GENERATE_INFOPLIST_FILE = YES;
				INFOPLIST_FILE = WorkoutApp/SupportingFiles/Info.plist;
				INFOPLIST_KEY_UIApplicationSupportsIndirectInputEvents = YES;
				INFOPLIST_KEY_UILaunchStoryboardName = LaunchScreen;
				INFOPLIST_KEY_UISupportedInterfaceOrientations = UIInterfaceOrientationPortrait;
				INFOPLIST_KEY_UISupportedInterfaceOrientations_iPad = "UIInterfaceOrientationPortrait UIInterfaceOrientationPortraitUpsideDown UIInterfaceOrientationLandscapeLeft UIInterfaceOrientationLandscapeRight";
				INFOPLIST_KEY_UISupportedInterfaceOrientations_iPhone = "UIInterfaceOrientationPortrait UIInterfaceOrientationLandscapeLeft UIInterfaceOrientationLandscapeRight";
				LD_RUNPATH_SEARCH_PATHS = (
					"$(inherited)",
					"@executable_path/Frameworks",
				);
				MARKETING_VERSION = 1.0;
				PRODUCT_BUNDLE_IDENTIFIER = com.mavrik.WorkoutApp;
				PRODUCT_NAME = "$(TARGET_NAME)";
				SWIFT_EMIT_LOC_STRINGS = YES;
				SWIFT_VERSION = 5.0;
				TARGETED_DEVICE_FAMILY = 1;
			};
			name = Release;
		};
/* End XCBuildConfiguration section */

/* Begin XCConfigurationList section */
		3E4E3335294E72110064D14C /* Build configuration list for PBXProject "WorkoutApp" */ = {
			isa = XCConfigurationList;
			buildConfigurations = (
				3E4E334F294E72130064D14C /* Debug */,
				3E4E3350294E72130064D14C /* Release */,
			);
			defaultConfigurationIsVisible = 0;
			defaultConfigurationName = Release;
		};
		3E4E3351294E72130064D14C /* Build configuration list for PBXNativeTarget "WorkoutApp" */ = {
			isa = XCConfigurationList;
			buildConfigurations = (
				3E4E3352294E72130064D14C /* Debug */,
				3E4E3353294E72130064D14C /* Release */,
			);
			defaultConfigurationIsVisible = 0;
			defaultConfigurationName = Release;
		};
/* End XCConfigurationList section */
	};
	rootObject = 3E4E3332294E72110064D14C /* Project object */;
}
